// !$*UTF8*$!
{
	archiveVersion = 1;
	classes = {
	};
	objectVersion = 46;
	objects = {

/* Begin PBXBuildFile section */
		2C6616CA18CFF7CF003362EE /* Foundation.framework in Frameworks */ = {isa = PBXBuildFile; fileRef = 2C6616C918CFF7CF003362EE /* Foundation.framework */; };
		2C6616CC18CFF7CF003362EE /* CoreGraphics.framework in Frameworks */ = {isa = PBXBuildFile; fileRef = 2C6616CB18CFF7CF003362EE /* CoreGraphics.framework */; };
		2C6616CE18CFF7CF003362EE /* UIKit.framework in Frameworks */ = {isa = PBXBuildFile; fileRef = 2C6616CD18CFF7CF003362EE /* UIKit.framework */; };
		2C6616D418CFF7CF003362EE /* InfoPlist.strings in Resources */ = {isa = PBXBuildFile; fileRef = 2C6616D218CFF7CF003362EE /* InfoPlist.strings */; };
		2C6616D618CFF7CF003362EE /* main.m in Sources */ = {isa = PBXBuildFile; fileRef = 2C6616D518CFF7CF003362EE /* main.m */; };
		2C6616DA18CFF7CF003362EE /* EGAppDelegate.m in Sources */ = {isa = PBXBuildFile; fileRef = 2C6616D918CFF7CF003362EE /* EGAppDelegate.m */; };
		2C6616DD18CFF7CF003362EE /* Main.storyboard in Resources */ = {isa = PBXBuildFile; fileRef = 2C6616DB18CFF7CF003362EE /* Main.storyboard */; };
		2C6616E018CFF7CF003362EE /* EGViewController.m in Sources */ = {isa = PBXBuildFile; fileRef = 2C6616DF18CFF7CF003362EE /* EGViewController.m */; };
		2C6616E218CFF7CF003362EE /* Images.xcassets in Resources */ = {isa = PBXBuildFile; fileRef = 2C6616E118CFF7CF003362EE /* Images.xcassets */; };
		2C6616E918CFF7CF003362EE /* XCTest.framework in Frameworks */ = {isa = PBXBuildFile; fileRef = 2C6616E818CFF7CF003362EE /* XCTest.framework */; };
		2C6616EA18CFF7CF003362EE /* Foundation.framework in Frameworks */ = {isa = PBXBuildFile; fileRef = 2C6616C918CFF7CF003362EE /* Foundation.framework */; };
		2C6616EB18CFF7CF003362EE /* UIKit.framework in Frameworks */ = {isa = PBXBuildFile; fileRef = 2C6616CD18CFF7CF003362EE /* UIKit.framework */; };
		2C6616F318CFF7CF003362EE /* InfoPlist.strings in Resources */ = {isa = PBXBuildFile; fileRef = 2C6616F118CFF7CF003362EE /* InfoPlist.strings */; };
		2C6616F518CFF7CF003362EE /* Ex02___Japanese_Food__Dynamic_Tests.m in Sources */ = {isa = PBXBuildFile; fileRef = 2C6616F418CFF7CF003362EE /* Ex02___Japanese_Food__Dynamic_Tests.m */; };
/* End PBXBuildFile section */

/* Begin PBXContainerItemProxy section */
		2C6616EC18CFF7CF003362EE /* PBXContainerItemProxy */ = {
			isa = PBXContainerItemProxy;
			containerPortal = 2C6616BE18CFF7CF003362EE /* Project object */;
			proxyType = 1;
			remoteGlobalIDString = 2C6616C518CFF7CF003362EE;
			remoteInfo = "Ex02 - Japanese Food (Dynamic)";
		};
/* End PBXContainerItemProxy section */

/* Begin PBXFileReference section */
		2C6616C618CFF7CF003362EE /* Ex02 - Japanese Food (Dynamic).app */ = {isa = PBXFileReference; explicitFileType = wrapper.application; includeInIndex = 0; path = "Ex02 - Japanese Food (Dynamic).app"; sourceTree = BUILT_PRODUCTS_DIR; };
		2C6616C918CFF7CF003362EE /* Foundation.framework */ = {isa = PBXFileReference; lastKnownFileType = wrapper.framework; name = Foundation.framework; path = System/Library/Frameworks/Foundation.framework; sourceTree = SDKROOT; };
		2C6616CB18CFF7CF003362EE /* CoreGraphics.framework */ = {isa = PBXFileReference; lastKnownFileType = wrapper.framework; name = CoreGraphics.framework; path = System/Library/Frameworks/CoreGraphics.framework; sourceTree = SDKROOT; };
		2C6616CD18CFF7CF003362EE /* UIKit.framework */ = {isa = PBXFileReference; lastKnownFileType = wrapper.framework; name = UIKit.framework; path = System/Library/Frameworks/UIKit.framework; sourceTree = SDKROOT; };
		2C6616D118CFF7CF003362EE /* Ex02 - Japanese Food (Dynamic)-Info.plist */ = {isa = PBXFileReference; lastKnownFileType = text.plist.xml; path = "Ex02 - Japanese Food (Dynamic)-Info.plist"; sourceTree = "<group>"; };
		2C6616D318CFF7CF003362EE /* en */ = {isa = PBXFileReference; lastKnownFileType = text.plist.strings; name = en; path = en.lproj/InfoPlist.strings; sourceTree = "<group>"; };
		2C6616D518CFF7CF003362EE /* main.m */ = {isa = PBXFileReference; lastKnownFileType = sourcecode.c.objc; path = main.m; sourceTree = "<group>"; };
		2C6616D718CFF7CF003362EE /* Ex02 - Japanese Food (Dynamic)-Prefix.pch */ = {isa = PBXFileReference; lastKnownFileType = sourcecode.c.h; path = "Ex02 - Japanese Food (Dynamic)-Prefix.pch"; sourceTree = "<group>"; };
		2C6616D818CFF7CF003362EE /* EGAppDelegate.h */ = {isa = PBXFileReference; lastKnownFileType = sourcecode.c.h; path = EGAppDelegate.h; sourceTree = "<group>"; };
		2C6616D918CFF7CF003362EE /* EGAppDelegate.m */ = {isa = PBXFileReference; lastKnownFileType = sourcecode.c.objc; path = EGAppDelegate.m; sourceTree = "<group>"; };
		2C6616DC18CFF7CF003362EE /* Base */ = {isa = PBXFileReference; lastKnownFileType = file.storyboard; name = Base; path = Base.lproj/Main.storyboard; sourceTree = "<group>"; };
		2C6616DE18CFF7CF003362EE /* EGViewController.h */ = {isa = PBXFileReference; lastKnownFileType = sourcecode.c.h; path = EGViewController.h; sourceTree = "<group>"; };
		2C6616DF18CFF7CF003362EE /* EGViewController.m */ = {isa = PBXFileReference; lastKnownFileType = sourcecode.c.objc; path = EGViewController.m; sourceTree = "<group>"; };
		2C6616E118CFF7CF003362EE /* Images.xcassets */ = {isa = PBXFileReference; lastKnownFileType = folder.assetcatalog; path = Images.xcassets; sourceTree = "<group>"; };
		2C6616E718CFF7CF003362EE /* Ex02 - Japanese Food (Dynamic)Tests.xctest */ = {isa = PBXFileReference; explicitFileType = wrapper.cfbundle; includeInIndex = 0; path = "Ex02 - Japanese Food (Dynamic)Tests.xctest"; sourceTree = BUILT_PRODUCTS_DIR; };
		2C6616E818CFF7CF003362EE /* XCTest.framework */ = {isa = PBXFileReference; lastKnownFileType = wrapper.framework; name = XCTest.framework; path = Library/Frameworks/XCTest.framework; sourceTree = DEVELOPER_DIR; };
		2C6616F018CFF7CF003362EE /* Ex02 - Japanese Food (Dynamic)Tests-Info.plist */ = {isa = PBXFileReference; lastKnownFileType = text.plist.xml; path = "Ex02 - Japanese Food (Dynamic)Tests-Info.plist"; sourceTree = "<group>"; };
		2C6616F218CFF7CF003362EE /* en */ = {isa = PBXFileReference; lastKnownFileType = text.plist.strings; name = en; path = en.lproj/InfoPlist.strings; sourceTree = "<group>"; };
		2C6616F418CFF7CF003362EE /* Ex02___Japanese_Food__Dynamic_Tests.m */ = {isa = PBXFileReference; lastKnownFileType = sourcecode.c.objc; path = "Ex02___Japanese_Food__Dynamic_Tests.m"; sourceTree = "<group>"; };
/* End PBXFileReference section */

/* Begin PBXFrameworksBuildPhase section */
		2C6616C318CFF7CF003362EE /* Frameworks */ = {
			isa = PBXFrameworksBuildPhase;
			buildActionMask = 2147483647;
			files = (
				2C6616CC18CFF7CF003362EE /* CoreGraphics.framework in Frameworks */,
				2C6616CE18CFF7CF003362EE /* UIKit.framework in Frameworks */,
				2C6616CA18CFF7CF003362EE /* Foundation.framework in Frameworks */,
			);
			runOnlyForDeploymentPostprocessing = 0;
		};
		2C6616E418CFF7CF003362EE /* Frameworks */ = {
			isa = PBXFrameworksBuildPhase;
			buildActionMask = 2147483647;
			files = (
				2C6616E918CFF7CF003362EE /* XCTest.framework in Frameworks */,
				2C6616EB18CFF7CF003362EE /* UIKit.framework in Frameworks */,
				2C6616EA18CFF7CF003362EE /* Foundation.framework in Frameworks */,
			);
			runOnlyForDeploymentPostprocessing = 0;
		};
/* End PBXFrameworksBuildPhase section */

/* Begin PBXGroup section */
		2C6616BD18CFF7CF003362EE = {
			isa = PBXGroup;
			children = (
				2C6616CF18CFF7CF003362EE /* Ex02 - Japanese Food (Dynamic) */,
				2C6616EE18CFF7CF003362EE /* Ex02 - Japanese Food (Dynamic)Tests */,
				2C6616C818CFF7CF003362EE /* Frameworks */,
				2C6616C718CFF7CF003362EE /* Products */,
			);
			sourceTree = "<group>";
		};
		2C6616C718CFF7CF003362EE /* Products */ = {
			isa = PBXGroup;
			children = (
				2C6616C618CFF7CF003362EE /* Ex02 - Japanese Food (Dynamic).app */,
				2C6616E718CFF7CF003362EE /* Ex02 - Japanese Food (Dynamic)Tests.xctest */,
			);
			name = Products;
			sourceTree = "<group>";
		};
		2C6616C818CFF7CF003362EE /* Frameworks */ = {
			isa = PBXGroup;
			children = (
				2C6616C918CFF7CF003362EE /* Foundation.framework */,
				2C6616CB18CFF7CF003362EE /* CoreGraphics.framework */,
				2C6616CD18CFF7CF003362EE /* UIKit.framework */,
				2C6616E818CFF7CF003362EE /* XCTest.framework */,
			);
			name = Frameworks;
			sourceTree = "<group>";
		};
		2C6616CF18CFF7CF003362EE /* Ex02 - Japanese Food (Dynamic) */ = {
			isa = PBXGroup;
			children = (
				2C6616D818CFF7CF003362EE /* EGAppDelegate.h */,
				2C6616D918CFF7CF003362EE /* EGAppDelegate.m */,
				2C6616DB18CFF7CF003362EE /* Main.storyboard */,
				2C6616DE18CFF7CF003362EE /* EGViewController.h */,
				2C6616DF18CFF7CF003362EE /* EGViewController.m */,
				2C6616E118CFF7CF003362EE /* Images.xcassets */,
				2C6616D018CFF7CF003362EE /* Supporting Files */,
			);
			path = "Ex02 - Japanese Food (Dynamic)";
			sourceTree = "<group>";
		};
		2C6616D018CFF7CF003362EE /* Supporting Files */ = {
			isa = PBXGroup;
			children = (
				2C6616D118CFF7CF003362EE /* Ex02 - Japanese Food (Dynamic)-Info.plist */,
				2C6616D218CFF7CF003362EE /* InfoPlist.strings */,
				2C6616D518CFF7CF003362EE /* main.m */,
				2C6616D718CFF7CF003362EE /* Ex02 - Japanese Food (Dynamic)-Prefix.pch */,
			);
			name = "Supporting Files";
			sourceTree = "<group>";
		};
		2C6616EE18CFF7CF003362EE /* Ex02 - Japanese Food (Dynamic)Tests */ = {
			isa = PBXGroup;
			children = (
				2C6616F418CFF7CF003362EE /* Ex02___Japanese_Food__Dynamic_Tests.m */,
				2C6616EF18CFF7CF003362EE /* Supporting Files */,
			);
			path = "Ex02 - Japanese Food (Dynamic)Tests";
			sourceTree = "<group>";
		};
		2C6616EF18CFF7CF003362EE /* Supporting Files */ = {
			isa = PBXGroup;
			children = (
				2C6616F018CFF7CF003362EE /* Ex02 - Japanese Food (Dynamic)Tests-Info.plist */,
				2C6616F118CFF7CF003362EE /* InfoPlist.strings */,
			);
			name = "Supporting Files";
			sourceTree = "<group>";
		};
/* End PBXGroup section */

/* Begin PBXNativeTarget section */
		2C6616C518CFF7CF003362EE /* Ex02 - Japanese Food (Dynamic) */ = {
			isa = PBXNativeTarget;
			buildConfigurationList = 2C6616F818CFF7CF003362EE /* Build configuration list for PBXNativeTarget "Ex02 - Japanese Food (Dynamic)" */;
			buildPhases = (
				2C6616C218CFF7CF003362EE /* Sources */,
				2C6616C318CFF7CF003362EE /* Frameworks */,
				2C6616C418CFF7CF003362EE /* Resources */,
			);
			buildRules = (
			);
			dependencies = (
			);
			name = "Ex02 - Japanese Food (Dynamic)";
			productName = "Ex02 - Japanese Food (Dynamic)";
			productReference = 2C6616C618CFF7CF003362EE /* Ex02 - Japanese Food (Dynamic).app */;
			productType = "com.apple.product-type.application";
		};
		2C6616E618CFF7CF003362EE /* Ex02 - Japanese Food (Dynamic)Tests */ = {
			isa = PBXNativeTarget;
			buildConfigurationList = 2C6616FB18CFF7CF003362EE /* Build configuration list for PBXNativeTarget "Ex02 - Japanese Food (Dynamic)Tests" */;
			buildPhases = (
				2C6616E318CFF7CF003362EE /* Sources */,
				2C6616E418CFF7CF003362EE /* Frameworks */,
				2C6616E518CFF7CF003362EE /* Resources */,
			);
			buildRules = (
			);
			dependencies = (
				2C6616ED18CFF7CF003362EE /* PBXTargetDependency */,
			);
			name = "Ex02 - Japanese Food (Dynamic)Tests";
			productName = "Ex02 - Japanese Food (Dynamic)Tests";
			productReference = 2C6616E718CFF7CF003362EE /* Ex02 - Japanese Food (Dynamic)Tests.xctest */;
			productType = "com.apple.product-type.bundle.unit-test";
		};
/* End PBXNativeTarget section */

/* Begin PBXProject section */
		2C6616BE18CFF7CF003362EE /* Project object */ = {
			isa = PBXProject;
			attributes = {
				CLASSPREFIX = EG;
				LastUpgradeCheck = 0500;
				ORGANIZATIONNAME = "Eddie Gurnee";
				TargetAttributes = {
					2C6616E618CFF7CF003362EE = {
						TestTargetID = 2C6616C518CFF7CF003362EE;
					};
				};
			};
			buildConfigurationList = 2C6616C118CFF7CF003362EE /* Build configuration list for PBXProject "Ex02 - Japanese Food (Dynamic)" */;
			compatibilityVersion = "Xcode 3.2";
			developmentRegion = English;
			hasScannedForEncodings = 0;
			knownRegions = (
				en,
				Base,
			);
			mainGroup = 2C6616BD18CFF7CF003362EE;
			productRefGroup = 2C6616C718CFF7CF003362EE /* Products */;
			projectDirPath = "";
			projectRoot = "";
			targets = (
				2C6616C518CFF7CF003362EE /* Ex02 - Japanese Food (Dynamic) */,
				2C6616E618CFF7CF003362EE /* Ex02 - Japanese Food (Dynamic)Tests */,
			);
		};
/* End PBXProject section */

/* Begin PBXResourcesBuildPhase section */
		2C6616C418CFF7CF003362EE /* Resources */ = {
			isa = PBXResourcesBuildPhase;
			buildActionMask = 2147483647;
			files = (
				2C6616E218CFF7CF003362EE /* Images.xcassets in Resources */,
				2C6616D418CFF7CF003362EE /* InfoPlist.strings in Resources */,
				2C6616DD18CFF7CF003362EE /* Main.storyboard in Resources */,
			);
			runOnlyForDeploymentPostprocessing = 0;
		};
		2C6616E518CFF7CF003362EE /* Resources */ = {
			isa = PBXResourcesBuildPhase;
			buildActionMask = 2147483647;
			files = (
				2C6616F318CFF7CF003362EE /* InfoPlist.strings in Resources */,
			);
			runOnlyForDeploymentPostprocessing = 0;
		};
/* End PBXResourcesBuildPhase section */

/* Begin PBXSourcesBuildPhase section */
		2C6616C218CFF7CF003362EE /* Sources */ = {
			isa = PBXSourcesBuildPhase;
			buildActionMask = 2147483647;
			files = (
				2C6616E018CFF7CF003362EE /* EGViewController.m in Sources */,
				2C6616DA18CFF7CF003362EE /* EGAppDelegate.m in Sources */,
				2C6616D618CFF7CF003362EE /* main.m in Sources */,
			);
			runOnlyForDeploymentPostprocessing = 0;
		};
		2C6616E318CFF7CF003362EE /* Sources */ = {
			isa = PBXSourcesBuildPhase;
			buildActionMask = 2147483647;
			files = (
				2C6616F518CFF7CF003362EE /* Ex02___Japanese_Food__Dynamic_Tests.m in Sources */,
			);
			runOnlyForDeploymentPostprocessing = 0;
		};
/* End PBXSourcesBuildPhase section */

/* Begin PBXTargetDependency section */
		2C6616ED18CFF7CF003362EE /* PBXTargetDependency */ = {
			isa = PBXTargetDependency;
			target = 2C6616C518CFF7CF003362EE /* Ex02 - Japanese Food (Dynamic) */;
			targetProxy = 2C6616EC18CFF7CF003362EE /* PBXContainerItemProxy */;
		};
/* End PBXTargetDependency section */

/* Begin PBXVariantGroup section */
		2C6616D218CFF7CF003362EE /* InfoPlist.strings */ = {
			isa = PBXVariantGroup;
			children = (
				2C6616D318CFF7CF003362EE /* en */,
			);
			name = InfoPlist.strings;
			sourceTree = "<group>";
		};
		2C6616DB18CFF7CF003362EE /* Main.storyboard */ = {
			isa = PBXVariantGroup;
			children = (
				2C6616DC18CFF7CF003362EE /* Base */,
			);
			name = Main.storyboard;
			sourceTree = "<group>";
		};
		2C6616F118CFF7CF003362EE /* InfoPlist.strings */ = {
			isa = PBXVariantGroup;
			children = (
				2C6616F218CFF7CF003362EE /* en */,
			);
			name = InfoPlist.strings;
			sourceTree = "<group>";
		};
/* End PBXVariantGroup section */

/* Begin XCBuildConfiguration section */
		2C6616F618CFF7CF003362EE /* Debug */ = {
			isa = XCBuildConfiguration;
			buildSettings = {
				ALWAYS_SEARCH_USER_PATHS = NO;
				ARCHS = "$(ARCHS_STANDARD_INCLUDING_64_BIT)";
				CLANG_CXX_LANGUAGE_STANDARD = "gnu++0x";
				CLANG_CXX_LIBRARY = "libc++";
				CLANG_ENABLE_MODULES = YES;
				CLANG_ENABLE_OBJC_ARC = YES;
				CLANG_WARN_BOOL_CONVERSION = YES;
				CLANG_WARN_CONSTANT_CONVERSION = YES;
				CLANG_WARN_DIRECT_OBJC_ISA_USAGE = YES_ERROR;
				CLANG_WARN_EMPTY_BODY = YES;
				CLANG_WARN_ENUM_CONVERSION = YES;
				CLANG_WARN_INT_CONVERSION = YES;
				CLANG_WARN_OBJC_ROOT_CLASS = YES_ERROR;
				CLANG_WARN__DUPLICATE_METHOD_MATCH = YES;
				"CODE_SIGN_IDENTITY[sdk=iphoneos*]" = "iPhone Developer";
				COPY_PHASE_STRIP = NO;
				GCC_C_LANGUAGE_STANDARD = gnu99;
				GCC_DYNAMIC_NO_PIC = NO;
				GCC_OPTIMIZATION_LEVEL = 0;
				GCC_PREPROCESSOR_DEFINITIONS = (
					"DEBUG=1",
					"$(inherited)",
				);
				GCC_SYMBOLS_PRIVATE_EXTERN = NO;
				GCC_WARN_64_TO_32_BIT_CONVERSION = YES;
				GCC_WARN_ABOUT_RETURN_TYPE = YES_ERROR;
				GCC_WARN_UNDECLARED_SELECTOR = YES;
				GCC_WARN_UNINITIALIZED_AUTOS = YES;
				GCC_WARN_UNUSED_FUNCTION = YES;
				GCC_WARN_UNUSED_VARIABLE = YES;
				IPHONEOS_DEPLOYMENT_TARGET = 7.0;
				ONLY_ACTIVE_ARCH = YES;
				SDKROOT = iphoneos;
			};
			name = Debug;
		};
		2C6616F718CFF7CF003362EE /* Release */ = {
			isa = XCBuildConfiguration;
			buildSettings = {
				ALWAYS_SEARCH_USER_PATHS = NO;
				ARCHS = "$(ARCHS_STANDARD_INCLUDING_64_BIT)";
				CLANG_CXX_LANGUAGE_STANDARD = "gnu++0x";
				CLANG_CXX_LIBRARY = "libc++";
				CLANG_ENABLE_MODULES = YES;
				CLANG_ENABLE_OBJC_ARC = YES;
				CLANG_WARN_BOOL_CONVERSION = YES;
				CLANG_WARN_CONSTANT_CONVERSION = YES;
				CLANG_WARN_DIRECT_OBJC_ISA_USAGE = YES_ERROR;
				CLANG_WARN_EMPTY_BODY = YES;
				CLANG_WARN_ENUM_CONVERSION = YES;
				CLANG_WARN_INT_CONVERSION = YES;
				CLANG_WARN_OBJC_ROOT_CLASS = YES_ERROR;
				CLANG_WARN__DUPLICATE_METHOD_MATCH = YES;
				"CODE_SIGN_IDENTITY[sdk=iphoneos*]" = "iPhone Developer";
				COPY_PHASE_STRIP = YES;
				ENABLE_NS_ASSERTIONS = NO;
				GCC_C_LANGUAGE_STANDARD = gnu99;
				GCC_WARN_64_TO_32_BIT_CONVERSION = YES;
				GCC_WARN_ABOUT_RETURN_TYPE = YES_ERROR;
				GCC_WARN_UNDECLARED_SELECTOR = YES;
				GCC_WARN_UNINITIALIZED_AUTOS = YES;
				GCC_WARN_UNUSED_FUNCTION = YES;
				GCC_WARN_UNUSED_VARIABLE = YES;
				IPHONEOS_DEPLOYMENT_TARGET = 7.0;
				SDKROOT = iphoneos;
				VALIDATE_PRODUCT = YES;
			};
			name = Release;
		};
		2C6616F918CFF7CF003362EE /* Debug */ = {
			isa = XCBuildConfiguration;
			buildSettings = {
				ASSETCATALOG_COMPILER_APPICON_NAME = AppIcon;
				ASSETCATALOG_COMPILER_LAUNCHIMAGE_NAME = LaunchImage;
				GCC_PRECOMPILE_PREFIX_HEADER = YES;
				GCC_PREFIX_HEADER = "Ex02 - Japanese Food (Dynamic)/Ex02 - Japanese Food (Dynamic)-Prefix.pch";
				INFOPLIST_FILE = "Ex02 - Japanese Food (Dynamic)/Ex02 - Japanese Food (Dynamic)-Info.plist";
				PRODUCT_NAME = "$(TARGET_NAME)";
				WRAPPER_EXTENSION = app;
			};
			name = Debug;
		};
		2C6616FA18CFF7CF003362EE /* Release */ = {
			isa = XCBuildConfiguration;
			buildSettings = {
				ASSETCATALOG_COMPILER_APPICON_NAME = AppIcon;
				ASSETCATALOG_COMPILER_LAUNCHIMAGE_NAME = LaunchImage;
				GCC_PRECOMPILE_PREFIX_HEADER = YES;
				GCC_PREFIX_HEADER = "Ex02 - Japanese Food (Dynamic)/Ex02 - Japanese Food (Dynamic)-Prefix.pch";
				INFOPLIST_FILE = "Ex02 - Japanese Food (Dynamic)/Ex02 - Japanese Food (Dynamic)-Info.plist";
				PRODUCT_NAME = "$(TARGET_NAME)";
				WRAPPER_EXTENSION = app;
			};
			name = Release;
		};
		2C6616FC18CFF7CF003362EE /* Debug */ = {
			isa = XCBuildConfiguration;
			buildSettings = {
				ARCHS = "$(ARCHS_STANDARD_INCLUDING_64_BIT)";
				BUNDLE_LOADER = "$(BUILT_PRODUCTS_DIR)/Ex02 - Japanese Food (Dynamic).app/Ex02 - Japanese Food (Dynamic)";
				FRAMEWORK_SEARCH_PATHS = (
					"$(SDKROOT)/Developer/Library/Frameworks",
					"$(inherited)",
					"$(DEVELOPER_FRAMEWORKS_DIR)",
				);
				GCC_PRECOMPILE_PREFIX_HEADER = YES;
				GCC_PREFIX_HEADER = "Ex02 - Japanese Food (Dynamic)/Ex02 - Japanese Food (Dynamic)-Prefix.pch";
				GCC_PREPROCESSOR_DEFINITIONS = (
					"DEBUG=1",
					"$(inherited)",
				);
				INFOPLIST_FILE = "Ex02 - Japanese Food (Dynamic)Tests/Ex02 - Japanese Food (Dynamic)Tests-Info.plist";
				PRODUCT_NAME = "$(TARGET_NAME)";
				TEST_HOST = "$(BUNDLE_LOADER)";
				WRAPPER_EXTENSION = xctest;
			};
			name = Debug;
		};
		2C6616FD18CFF7CF003362EE /* Release */ = {
			isa = XCBuildConfiguration;
			buildSettings = {
				ARCHS = "$(ARCHS_STANDARD_INCLUDING_64_BIT)";
				BUNDLE_LOADER = "$(BUILT_PRODUCTS_DIR)/Ex02 - Japanese Food (Dynamic).app/Ex02 - Japanese Food (Dynamic)";
				FRAMEWORK_SEARCH_PATHS = (
					"$(SDKROOT)/Developer/Library/Frameworks",
					"$(inherited)",
					"$(DEVELOPER_FRAMEWORKS_DIR)",
				);
				GCC_PRECOMPILE_PREFIX_HEADER = YES;
				GCC_PREFIX_HEADER = "Ex02 - Japanese Food (Dynamic)/Ex02 - Japanese Food (Dynamic)-Prefix.pch";
				INFOPLIST_FILE = "Ex02 - Japanese Food (Dynamic)Tests/Ex02 - Japanese Food (Dynamic)Tests-Info.plist";
				PRODUCT_NAME = "$(TARGET_NAME)";
				TEST_HOST = "$(BUNDLE_LOADER)";
				WRAPPER_EXTENSION = xctest;
			};
			name = Release;
		};
/* End XCBuildConfiguration section */

/* Begin XCConfigurationList section */
		2C6616C118CFF7CF003362EE /* Build configuration list for PBXProject "Ex02 - Japanese Food (Dynamic)" */ = {
			isa = XCConfigurationList;
			buildConfigurations = (
				2C6616F618CFF7CF003362EE /* Debug */,
				2C6616F718CFF7CF003362EE /* Release */,
			);
			defaultConfigurationIsVisible = 0;
			defaultConfigurationName = Release;
		};
		2C6616F818CFF7CF003362EE /* Build configuration list for PBXNativeTarget "Ex02 - Japanese Food (Dynamic)" */ = {
			isa = XCConfigurationList;
			buildConfigurations = (
				2C6616F918CFF7CF003362EE /* Debug */,
				2C6616FA18CFF7CF003362EE /* Release */,
			);
			defaultConfigurationIsVisible = 0;
		};
		2C6616FB18CFF7CF003362EE /* Build configuration list for PBXNativeTarget "Ex02 - Japanese Food (Dynamic)Tests" */ = {
			isa = XCConfigurationList;
			buildConfigurations = (
				2C6616FC18CFF7CF003362EE /* Debug */,
				2C6616FD18CFF7CF003362EE /* Release */,
			);
			defaultConfigurationIsVisible = 0;
		};
/* End XCConfigurationList section */
	};
	rootObject = 2C6616BE18CFF7CF003362EE /* Project object */;
}
